// !$*UTF8*$!
{
	archiveVersion = 1;
	classes = {
	};
	objectVersion = 56;
	objects = {

/* Begin PBXBuildFile section */
		22ABA3EA2CA026950029E40E /* AppDelegate.swift in Sources */ = {isa = PBXBuildFile; fileRef = 22ABA3E92CA026950029E40E /* AppDelegate.swift */; };
		22ABA3EC2CA026950029E40E /* SceneDelegate.swift in Sources */ = {isa = PBXBuildFile; fileRef = 22ABA3EB2CA026950029E40E /* SceneDelegate.swift */; };
		22ABA3EE2CA026950029E40E /* MainViewController.swift in Sources */ = {isa = PBXBuildFile; fileRef = 22ABA3ED2CA026950029E40E /* MainViewController.swift */; };
		22ABA3F12CA026950029E40E /* Base in Resources */ = {isa = PBXBuildFile; fileRef = 22ABA3F02CA026950029E40E /* Base */; };
		22ABA3F32CA026960029E40E /* Assets.xcassets in Resources */ = {isa = PBXBuildFile; fileRef = 22ABA3F22CA026960029E40E /* Assets.xcassets */; };
		22ABA3F62CA026960029E40E /* Base in Resources */ = {isa = PBXBuildFile; fileRef = 22ABA3F52CA026960029E40E /* Base */; };
		22ABA4042CA027030029E40E /* News.swift in Sources */ = {isa = PBXBuildFile; fileRef = 22ABA4032CA027030029E40E /* News.swift */; };
		22ABA40D2CA095500029E40E /* NetworkManager.swift in Sources */ = {isa = PBXBuildFile; fileRef = 22ABA40C2CA095500029E40E /* NetworkManager.swift */; };
		22ABA40F2CA1D8A60029E40E /* DetailsViewController.swift in Sources */ = {isa = PBXBuildFile; fileRef = 22ABA40E2CA1D8A60029E40E /* DetailsViewController.swift */; };
		22ABA4112CA1E1BB0029E40E /* NewsCellTableViewCell.swift in Sources */ = {isa = PBXBuildFile; fileRef = 22ABA4102CA1E1BB0029E40E /* NewsCellTableViewCell.swift */; };
		22ABA4142CA6FD6C0029E40E /* Alamofire in Frameworks */ = {isa = PBXBuildFile; productRef = 22ABA4132CA6FD6C0029E40E /* Alamofire */; };
/* End PBXBuildFile section */

/* Begin PBXFileReference section */
		22ABA3E62CA026950029E40E /* NewsAPI.app */ = {isa = PBXFileReference; explicitFileType = wrapper.application; includeInIndex = 0; path = NewsAPI.app; sourceTree = BUILT_PRODUCTS_DIR; };
		22ABA3E92CA026950029E40E /* AppDelegate.swift */ = {isa = PBXFileReference; lastKnownFileType = sourcecode.swift; path = AppDelegate.swift; sourceTree = "<group>"; };
		22ABA3EB2CA026950029E40E /* SceneDelegate.swift */ = {isa = PBXFileReference; lastKnownFileType = sourcecode.swift; path = SceneDelegate.swift; sourceTree = "<group>"; };
		22ABA3ED2CA026950029E40E /* MainViewController.swift */ = {isa = PBXFileReference; lastKnownFileType = sourcecode.swift; path = MainViewController.swift; sourceTree = "<group>"; };
		22ABA3F02CA026950029E40E /* Base */ = {isa = PBXFileReference; lastKnownFileType = file.storyboard; name = Base; path = Base.lproj/Main.storyboard; sourceTree = "<group>"; };
		22ABA3F22CA026960029E40E /* Assets.xcassets */ = {isa = PBXFileReference; lastKnownFileType = folder.assetcatalog; path = Assets.xcassets; sourceTree = "<group>"; };
		22ABA3F52CA026960029E40E /* Base */ = {isa = PBXFileReference; lastKnownFileType = file.storyboard; name = Base; path = Base.lproj/LaunchScreen.storyboard; sourceTree = "<group>"; };
		22ABA3F72CA026960029E40E /* Info.plist */ = {isa = PBXFileReference; lastKnownFileType = text.plist.xml; path = Info.plist; sourceTree = "<group>"; };
		22ABA4032CA027030029E40E /* News.swift */ = {isa = PBXFileReference; lastKnownFileType = sourcecode.swift; path = News.swift; sourceTree = "<group>"; };
		22ABA40C2CA095500029E40E /* NetworkManager.swift */ = {isa = PBXFileReference; lastKnownFileType = sourcecode.swift; path = NetworkManager.swift; sourceTree = "<group>"; };
		22ABA40E2CA1D8A60029E40E /* DetailsViewController.swift */ = {isa = PBXFileReference; lastKnownFileType = sourcecode.swift; path = DetailsViewController.swift; sourceTree = "<group>"; };
		22ABA4102CA1E1BB0029E40E /* NewsCellTableViewCell.swift */ = {isa = PBXFileReference; lastKnownFileType = sourcecode.swift; path = NewsCellTableViewCell.swift; sourceTree = "<group>"; };
/* End PBXFileReference section */

/* Begin PBXFrameworksBuildPhase section */
		22ABA3E32CA026950029E40E /* Frameworks */ = {
			isa = PBXFrameworksBuildPhase;
			buildActionMask = 2147483647;
			files = (
				22ABA4142CA6FD6C0029E40E /* Alamofire in Frameworks */,
			);
			runOnlyForDeploymentPostprocessing = 0;
		};
/* End PBXFrameworksBuildPhase section */

/* Begin PBXGroup section */
		22ABA3DD2CA026950029E40E = {
			isa = PBXGroup;
			children = (
				22ABA3E82CA026950029E40E /* NewsAPI */,
				22ABA3E72CA026950029E40E /* Products */,
			);
			sourceTree = "<group>";
		};
		22ABA3E72CA026950029E40E /* Products */ = {
			isa = PBXGroup;
			children = (
				22ABA3E62CA026950029E40E /* NewsAPI.app */,
			);
			name = Products;
			sourceTree = "<group>";
		};
		22ABA3E82CA026950029E40E /* NewsAPI */ = {
			isa = PBXGroup;
			children = (
				22ABA4022CA026EE0029E40E /* Services */,
				22ABA4002CA026D70029E40E /* Models */,
				22ABA3FD2CA026B00029E40E /* App */,
				22ABA3FE2CA026B90029E40E /* ViewControllers */,
				22ABA3FF2CA026C80029E40E /* Storyboards */,
				22ABA3F22CA026960029E40E /* Assets.xcassets */,
			);
			path = NewsAPI;
			sourceTree = "<group>";
		};
		22ABA3FD2CA026B00029E40E /* App */ = {
			isa = PBXGroup;
			children = (
				22ABA3E92CA026950029E40E /* AppDelegate.swift */,
				22ABA3EB2CA026950029E40E /* SceneDelegate.swift */,
				22ABA3F72CA026960029E40E /* Info.plist */,
			);
			path = App;
			sourceTree = "<group>";
		};
		22ABA3FE2CA026B90029E40E /* ViewControllers */ = {
			isa = PBXGroup;
			children = (
				22ABA3ED2CA026950029E40E /* MainViewController.swift */,
				22ABA40E2CA1D8A60029E40E /* DetailsViewController.swift */,
				22ABA4102CA1E1BB0029E40E /* NewsCellTableViewCell.swift */,
			);
			path = ViewControllers;
			sourceTree = "<group>";
		};
		22ABA3FF2CA026C80029E40E /* Storyboards */ = {
			isa = PBXGroup;
			children = (
				22ABA3EF2CA026950029E40E /* Main.storyboard */,
				22ABA3F42CA026960029E40E /* LaunchScreen.storyboard */,
			);
			path = Storyboards;
			sourceTree = "<group>";
		};
		22ABA4002CA026D70029E40E /* Models */ = {
			isa = PBXGroup;
			children = (
				22ABA4032CA027030029E40E /* News.swift */,
			);
			path = Models;
			sourceTree = "<group>";
		};
		22ABA4022CA026EE0029E40E /* Services */ = {
			isa = PBXGroup;
			children = (
				22ABA40C2CA095500029E40E /* NetworkManager.swift */,
			);
			path = Services;
			sourceTree = "<group>";
		};
/* End PBXGroup section */

/* Begin PBXNativeTarget section */
		22ABA3E52CA026950029E40E /* NewsAPI */ = {
			isa = PBXNativeTarget;
			buildConfigurationList = 22ABA3FA2CA026960029E40E /* Build configuration list for PBXNativeTarget "NewsAPI" */;
			buildPhases = (
				22ABA3E22CA026950029E40E /* Sources */,
				22ABA3E32CA026950029E40E /* Frameworks */,
				22ABA3E42CA026950029E40E /* Resources */,
			);
			buildRules = (
			);
			dependencies = (
			);
			name = NewsAPI;
			packageProductDependencies = (
				22ABA4132CA6FD6C0029E40E /* Alamofire */,
			);
			productName = NewsAPI;
			productReference = 22ABA3E62CA026950029E40E /* NewsAPI.app */;
			productType = "com.apple.product-type.application";
		};
/* End PBXNativeTarget section */

/* Begin PBXProject section */
		22ABA3DE2CA026950029E40E /* Project object */ = {
			isa = PBXProject;
			attributes = {
				BuildIndependentTargetsInParallel = 1;
				LastSwiftUpdateCheck = 1540;
				LastUpgradeCheck = 1540;
				TargetAttributes = {
					22ABA3E52CA026950029E40E = {
						CreatedOnToolsVersion = 15.4;
					};
				};
			};
			buildConfigurationList = 22ABA3E12CA026950029E40E /* Build configuration list for PBXProject "NewsAPI" */;
			compatibilityVersion = "Xcode 14.0";
			developmentRegion = en;
			hasScannedForEncodings = 0;
			knownRegions = (
				en,
				Base,
			);
			mainGroup = 22ABA3DD2CA026950029E40E;
			packageReferences = (
				22ABA4122CA6FD6C0029E40E /* XCRemoteSwiftPackageReference "Alamofire" */,
			);
			productRefGroup = 22ABA3E72CA026950029E40E /* Products */;
			projectDirPath = "";
			projectRoot = "";
			targets = (
				22ABA3E52CA026950029E40E /* NewsAPI */,
			);
		};
/* End PBXProject section */

/* Begin PBXResourcesBuildPhase section */
		22ABA3E42CA026950029E40E /* Resources */ = {
			isa = PBXResourcesBuildPhase;
			buildActionMask = 2147483647;
			files = (
				22ABA3F32CA026960029E40E /* Assets.xcassets in Resources */,
				22ABA3F62CA026960029E40E /* Base in Resources */,
				22ABA3F12CA026950029E40E /* Base in Resources */,
			);
			runOnlyForDeploymentPostprocessing = 0;
		};
/* End PBXResourcesBuildPhase section */

/* Begin PBXSourcesBuildPhase section */
		22ABA3E22CA026950029E40E /* Sources */ = {
			isa = PBXSourcesBuildPhase;
			buildActionMask = 2147483647;
			files = (
				22ABA3EE2CA026950029E40E /* MainViewController.swift in Sources */,
				22ABA4112CA1E1BB0029E40E /* NewsCellTableViewCell.swift in Sources */,
				22ABA3EA2CA026950029E40E /* AppDelegate.swift in Sources */,
				22ABA40D2CA095500029E40E /* NetworkManager.swift in Sources */,
				22ABA4042CA027030029E40E /* News.swift in Sources */,
				22ABA3EC2CA026950029E40E /* SceneDelegate.swift in Sources */,
				22ABA40F2CA1D8A60029E40E /* DetailsViewController.swift in Sources */,
			);
			runOnlyForDeploymentPostprocessing = 0;
		};
/* End PBXSourcesBuildPhase section */

/* Begin PBXVariantGroup section */
		22ABA3EF2CA026950029E40E /* Main.storyboard */ = {
			isa = PBXVariantGroup;
			children = (
				22ABA3F02CA026950029E40E /* Base */,
			);
			name = Main.storyboard;
			sourceTree = "<group>";
		};
		22ABA3F42CA026960029E40E /* LaunchScreen.storyboard */ = {
			isa = PBXVariantGroup;
			children = (
				22ABA3F52CA026960029E40E /* Base */,
			);
			name = LaunchScreen.storyboard;
			sourceTree = "<group>";
		};
/* End PBXVariantGroup section */

/* Begin XCBuildConfiguration section */
		22ABA3F82CA026960029E40E /* Debug */ = {
			isa = XCBuildConfiguration;
			buildSettings = {
				ALWAYS_SEARCH_USER_PATHS = NO;
				ASSETCATALOG_COMPILER_GENERATE_SWIFT_ASSET_SYMBOL_EXTENSIONS = YES;
				CLANG_ANALYZER_NONNULL = YES;
				CLANG_ANALYZER_NUMBER_OBJECT_CONVERSION = YES_AGGRESSIVE;
				CLANG_CXX_LANGUAGE_STANDARD = "gnu++20";
				CLANG_ENABLE_MODULES = YES;
				CLANG_ENABLE_OBJC_ARC = YES;
				CLANG_ENABLE_OBJC_WEAK = YES;
				CLANG_WARN_BLOCK_CAPTURE_AUTORELEASING = YES;
				CLANG_WARN_BOOL_CONVERSION = YES;
				CLANG_WARN_COMMA = YES;
				CLANG_WARN_CONSTANT_CONVERSION = YES;
				CLANG_WARN_DEPRECATED_OBJC_IMPLEMENTATIONS = YES;
				CLANG_WARN_DIRECT_OBJC_ISA_USAGE = YES_ERROR;
				CLANG_WARN_DOCUMENTATION_COMMENTS = YES;
				CLANG_WARN_EMPTY_BODY = YES;
				CLANG_WARN_ENUM_CONVERSION = YES;
				CLANG_WARN_INFINITE_RECURSION = YES;
				CLANG_WARN_INT_CONVERSION = YES;
				CLANG_WARN_NON_LITERAL_NULL_CONVERSION = YES;
				CLANG_WARN_OBJC_IMPLICIT_RETAIN_SELF = YES;
				CLANG_WARN_OBJC_LITERAL_CONVERSION = YES;
				CLANG_WARN_OBJC_ROOT_CLASS = YES_ERROR;
				CLANG_WARN_QUOTED_INCLUDE_IN_FRAMEWORK_HEADER = YES;
				CLANG_WARN_RANGE_LOOP_ANALYSIS = YES;
				CLANG_WARN_STRICT_PROTOTYPES = YES;
				CLANG_WARN_SUSPICIOUS_MOVE = YES;
				CLANG_WARN_UNGUARDED_AVAILABILITY = YES_AGGRESSIVE;
				CLANG_WARN_UNREACHABLE_CODE = YES;
				CLANG_WARN__DUPLICATE_METHOD_MATCH = YES;
				COPY_PHASE_STRIP = NO;
				DEBUG_INFORMATION_FORMAT = dwarf;
				ENABLE_STRICT_OBJC_MSGSEND = YES;
				ENABLE_TESTABILITY = YES;
				ENABLE_USER_SCRIPT_SANDBOXING = YES;
				GCC_C_LANGUAGE_STANDARD = gnu17;
				GCC_DYNAMIC_NO_PIC = NO;
				GCC_NO_COMMON_BLOCKS = YES;
				GCC_OPTIMIZATION_LEVEL = 0;
				GCC_PREPROCESSOR_DEFINITIONS = (
					"DEBUG=1",
					"$(inherited)",
				);
				GCC_WARN_64_TO_32_BIT_CONVERSION = YES;
				GCC_WARN_ABOUT_RETURN_TYPE = YES_ERROR;
				GCC_WARN_UNDECLARED_SELECTOR = YES;
				GCC_WARN_UNINITIALIZED_AUTOS = YES_AGGRESSIVE;
				GCC_WARN_UNUSED_FUNCTION = YES;
				GCC_WARN_UNUSED_VARIABLE = YES;
				IPHONEOS_DEPLOYMENT_TARGET = 17.5;
				LOCALIZATION_PREFERS_STRING_CATALOGS = YES;
				MTL_ENABLE_DEBUG_INFO = INCLUDE_SOURCE;
				MTL_FAST_MATH = YES;
				ONLY_ACTIVE_ARCH = YES;
				SDKROOT = iphoneos;
				SWIFT_ACTIVE_COMPILATION_CONDITIONS = "DEBUG $(inherited)";
				SWIFT_OPTIMIZATION_LEVEL = "-Onone";
			};
			name = Debug;
		};
		22ABA3F92CA026960029E40E /* Release */ = {
			isa = XCBuildConfiguration;
			buildSettings = {
				ALWAYS_SEARCH_USER_PATHS = NO;
				ASSETCATALOG_COMPILER_GENERATE_SWIFT_ASSET_SYMBOL_EXTENSIONS = YES;
				CLANG_ANALYZER_NONNULL = YES;
				CLANG_ANALYZER_NUMBER_OBJECT_CONVERSION = YES_AGGRESSIVE;
				CLANG_CXX_LANGUAGE_STANDARD = "gnu++20";
				CLANG_ENABLE_MODULES = YES;
				CLANG_ENABLE_OBJC_ARC = YES;
				CLANG_ENABLE_OBJC_WEAK = YES;
				CLANG_WARN_BLOCK_CAPTURE_AUTORELEASING = YES;
				CLANG_WARN_BOOL_CONVERSION = YES;
				CLANG_WARN_COMMA = YES;
				CLANG_WARN_CONSTANT_CONVERSION = YES;
				CLANG_WARN_DEPRECATED_OBJC_IMPLEMENTATIONS = YES;
				CLANG_WARN_DIRECT_OBJC_ISA_USAGE = YES_ERROR;
				CLANG_WARN_DOCUMENTATION_COMMENTS = YES;
				CLANG_WARN_EMPTY_BODY = YES;
				CLANG_WARN_ENUM_CONVERSION = YES;
				CLANG_WARN_INFINITE_RECURSION = YES;
				CLANG_WARN_INT_CONVERSION = YES;
				CLANG_WARN_NON_LITERAL_NULL_CONVERSION = YES;
				CLANG_WARN_OBJC_IMPLICIT_RETAIN_SELF = YES;
				CLANG_WARN_OBJC_LITERAL_CONVERSION = YES;
				CLANG_WARN_OBJC_ROOT_CLASS = YES_ERROR;
				CLANG_WARN_QUOTED_INCLUDE_IN_FRAMEWORK_HEADER = YES;
				CLANG_WARN_RANGE_LOOP_ANALYSIS = YES;
				CLANG_WARN_STRICT_PROTOTYPES = YES;
				CLANG_WARN_SUSPICIOUS_MOVE = YES;
				CLANG_WARN_UNGUARDED_AVAILABILITY = YES_AGGRESSIVE;
				CLANG_WARN_UNREACHABLE_CODE = YES;
				CLANG_WARN__DUPLICATE_METHOD_MATCH = YES;
				COPY_PHASE_STRIP = NO;
				DEBUG_INFORMATION_FORMAT = "dwarf-with-dsym";
				ENABLE_NS_ASSERTIONS = NO;
				ENABLE_STRICT_OBJC_MSGSEND = YES;
				ENABLE_USER_SCRIPT_SANDBOXING = YES;
				GCC_C_LANGUAGE_STANDARD = gnu17;
				GCC_NO_COMMON_BLOCKS = YES;
				GCC_WARN_64_TO_32_BIT_CONVERSION = YES;
				GCC_WARN_ABOUT_RETURN_TYPE = YES_ERROR;
				GCC_WARN_UNDECLARED_SELECTOR = YES;
				GCC_WARN_UNINITIALIZED_AUTOS = YES_AGGRESSIVE;
				GCC_WARN_UNUSED_FUNCTION = YES;
				GCC_WARN_UNUSED_VARIABLE = YES;
				IPHONEOS_DEPLOYMENT_TARGET = 17.5;
				LOCALIZATION_PREFERS_STRING_CATALOGS = YES;
				MTL_ENABLE_DEBUG_INFO = NO;
				MTL_FAST_MATH = YES;
				SDKROOT = iphoneos;
				SWIFT_COMPILATION_MODE = wholemodule;
				VALIDATE_PRODUCT = YES;
			};
			name = Release;
		};
		22ABA3FB2CA026960029E40E /* Debug */ = {
			isa = XCBuildConfiguration;
			buildSettings = {
				ASSETCATALOG_COMPILER_APPICON_NAME = AppIcon;
				ASSETCATALOG_COMPILER_GLOBAL_ACCENT_COLOR_NAME = AccentColor;
				CODE_SIGN_STYLE = Automatic;
				CURRENT_PROJECT_VERSION = 1;
				DEVELOPMENT_TEAM = H9XV7H58JV;
				GENERATE_INFOPLIST_FILE = YES;
				INFOPLIST_FILE = NewsAPI/App/Info.plist;
				INFOPLIST_KEY_UIApplicationSupportsIndirectInputEvents = YES;
				INFOPLIST_KEY_UILaunchStoryboardName = LaunchScreen;
				INFOPLIST_KEY_UIMainStoryboardFile = Main;
				INFOPLIST_KEY_UISupportedInterfaceOrientations = UIInterfaceOrientationPortrait;
				INFOPLIST_KEY_UISupportedInterfaceOrientations_iPad = "UIInterfaceOrientationLandscapeLeft UIInterfaceOrientationLandscapeRight UIInterfaceOrientationPortrait UIInterfaceOrientationPortraitUpsideDown";
				LD_RUNPATH_SEARCH_PATHS = (
					"$(inherited)",
					"@executable_path/Frameworks",
				);
				MARKETING_VERSION = 1.0;
				PRODUCT_BUNDLE_IDENTIFIER = Chron1um.NewsAPI;
				PRODUCT_NAME = "$(TARGET_NAME)";
				SUPPORTED_PLATFORMS = "iphoneos iphonesimulator";
				SUPPORTS_MACCATALYST = NO;
				SUPPORTS_MAC_DESIGNED_FOR_IPHONE_IPAD = NO;
				SUPPORTS_XR_DESIGNED_FOR_IPHONE_IPAD = NO;
				SWIFT_EMIT_LOC_STRINGS = YES;
				SWIFT_VERSION = 5.0;
				TARGETED_DEVICE_FAMILY = 1;
			};
			name = Debug;
		};
		22ABA3FC2CA026960029E40E /* Release */ = {
			isa = XCBuildConfiguration;
			buildSettings = {
				ASSETCATALOG_COMPILER_APPICON_NAME = AppIcon;
				ASSETCATALOG_COMPILER_GLOBAL_ACCENT_COLOR_NAME = AccentColor;
				CODE_SIGN_STYLE = Automatic;
				CURRENT_PROJECT_VERSION = 1;
				DEVELOPMENT_TEAM = H9XV7H58JV;
				GENERATE_INFOPLIST_FILE = YES;
				INFOPLIST_FILE = NewsAPI/App/Info.plist;
				INFOPLIST_KEY_UIApplicationSupportsIndirectInputEvents = YES;
				INFOPLIST_KEY_UILaunchStoryboardName = LaunchScreen;
				INFOPLIST_KEY_UIMainStoryboardFile = Main;
				INFOPLIST_KEY_UISupportedInterfaceOrientations = UIInterfaceOrientationPortrait;
				INFOPLIST_KEY_UISupportedInterfaceOrientations_iPad = "UIInterfaceOrientationLandscapeLeft UIInterfaceOrientationLandscapeRight UIInterfaceOrientationPortrait UIInterfaceOrientationPortraitUpsideDown";
				LD_RUNPATH_SEARCH_PATHS = (
					"$(inherited)",
					"@executable_path/Frameworks",
				);
				MARKETING_VERSION = 1.0;
				PRODUCT_BUNDLE_IDENTIFIER = Chron1um.NewsAPI;
				PRODUCT_NAME = "$(TARGET_NAME)";
				SUPPORTED_PLATFORMS = "iphoneos iphonesimulator";
				SUPPORTS_MACCATALYST = NO;
				SUPPORTS_MAC_DESIGNED_FOR_IPHONE_IPAD = NO;
				SUPPORTS_XR_DESIGNED_FOR_IPHONE_IPAD = NO;
				SWIFT_EMIT_LOC_STRINGS = YES;
				SWIFT_VERSION = 5.0;
				TARGETED_DEVICE_FAMILY = 1;
			};
			name = Release;
		};
/* End XCBuildConfiguration section */

/* Begin XCConfigurationList section */
		22ABA3E12CA026950029E40E /* Build configuration list for PBXProject "NewsAPI" */ = {
			isa = XCConfigurationList;
			buildConfigurations = (
				22ABA3F82CA026960029E40E /* Debug */,
				22ABA3F92CA026960029E40E /* Release */,
			);
			defaultConfigurationIsVisible = 0;
			defaultConfigurationName = Release;
		};
		22ABA3FA2CA026960029E40E /* Build configuration list for PBXNativeTarget "NewsAPI" */ = {
			isa = XCConfigurationList;
			buildConfigurations = (
				22ABA3FB2CA026960029E40E /* Debug */,
				22ABA3FC2CA026960029E40E /* Release */,
			);
			defaultConfigurationIsVisible = 0;
			defaultConfigurationName = Release;
		};
/* End XCConfigurationList section */

/* Begin XCRemoteSwiftPackageReference section */
		22ABA4122CA6FD6C0029E40E /* XCRemoteSwiftPackageReference "Alamofire" */ = {
			isa = XCRemoteSwiftPackageReference;
			repositoryURL = "https://github.com/Alamofire/Alamofire";
			requirement = {
				kind = exactVersion;
				version = 5.0.0;
			};
		};
/* End XCRemoteSwiftPackageReference section */

/* Begin XCSwiftPackageProductDependency section */
		22ABA4132CA6FD6C0029E40E /* Alamofire */ = {
			isa = XCSwiftPackageProductDependency;
			package = 22ABA4122CA6FD6C0029E40E /* XCRemoteSwiftPackageReference "Alamofire" */;
			productName = Alamofire;
		};
/* End XCSwiftPackageProductDependency section */
	};
	rootObject = 22ABA3DE2CA026950029E40E /* Project object */;
}
